
Microsoft Visual Studio Solution File, Format Version 12.00
# Visual Studio Version 17
VisualStudioVersion = 17.0.31903.59
MinimumVisualStudioVersion = 10.0.40219.1
Project("{2150E333-8FDC-42A3-9474-1A3956D46DE8}") = "src", "src", "{E6CE1EC8-2A25-49E9-BD7E-01E0962E7126}"
EndProject
Project("{2150E333-8FDC-42A3-9474-1A3956D46DE8}") = "Bootstrapper", "Bootstrapper", "{0EC75E56-ED14-4700-B031-75D379873685}"
EndProject
Project("{FAE04EC0-301F-11D3-BF4B-00C04F79EFBC}") = "Inflow.Bootstrapper", "src\Bootstrapper\Inflow.Bootstrapper\Inflow.Bootstrapper.csproj", "{DDE88E2E-DE00-4C33-8FD6-715B3B3A79D0}"
EndProject
Project("{2150E333-8FDC-42A3-9474-1A3956D46DE8}") = "Shared", "Shared", "{202029A5-561D-43CA-9D1C-7E17566F0CE5}"
EndProject
Project("{FAE04EC0-301F-11D3-BF4B-00C04F79EFBC}") = "Inflow.Shared.Abstractions", "src\Shared\Inflow.Shared.Abstractions\Inflow.Shared.Abstractions.csproj", "{812D3622-BE34-4CC2-9FA0-D94E7B391250}"
EndProject
Project("{FAE04EC0-301F-11D3-BF4B-00C04F79EFBC}") = "Inflow.Shared.Infrastructure", "src\Shared\Inflow.Shared.Infrastructure\Inflow.Shared.Infrastructure.csproj", "{C3542424-36E4-4175-8EEC-B36C6681D51E}"
EndProject
Project("{2150E333-8FDC-42A3-9474-1A3956D46DE8}") = "Modules", "Modules", "{0E75D711-802D-4520-A1CD-91004D258B9E}"
EndProject
Project("{2150E333-8FDC-42A3-9474-1A3956D46DE8}") = "Customers", "Customers", "{8354337D-FEB6-4801-8A78-404790A021AB}"
EndProject
Project("{FAE04EC0-301F-11D3-BF4B-00C04F79EFBC}") = "Inflow.Modules.Customers.Api", "src\Modules\Customers\Inflow.Modules.Customers.Api\Inflow.Modules.Customers.Api.csproj", "{5680AF38-4191-4F04-861C-B602E1E0702D}"
EndProject
Project("{FAE04EC0-301F-11D3-BF4B-00C04F79EFBC}") = "Inflow.Modules.Customers.Core", "src\Modules\Customers\Inflow.Modules.Customers.Core\Inflow.Modules.Customers.Core.csproj", "{AB166DC7-E67D-4176-A215-0653265D16C8}"
EndProject
Global
	GlobalSection(SolutionConfigurationPlatforms) = preSolution
		Debug|Any CPU = Debug|Any CPU
		Release|Any CPU = Release|Any CPU
	EndGlobalSection
	GlobalSection(SolutionProperties) = preSolution
		HideSolutionNode = FALSE
	EndGlobalSection
	GlobalSection(ProjectConfigurationPlatforms) = postSolution
		{DDE88E2E-DE00-4C33-8FD6-715B3B3A79D0}.Debug|Any CPU.ActiveCfg = Debug|Any CPU
		{DDE88E2E-DE00-4C33-8FD6-715B3B3A79D0}.Debug|Any CPU.Build.0 = Debug|Any CPU
		{DDE88E2E-DE00-4C33-8FD6-715B3B3A79D0}.Release|Any CPU.ActiveCfg = Release|Any CPU
		{DDE88E2E-DE00-4C33-8FD6-715B3B3A79D0}.Release|Any CPU.Build.0 = Release|Any CPU
		{812D3622-BE34-4CC2-9FA0-D94E7B391250}.Debug|Any CPU.ActiveCfg = Debug|Any CPU
		{812D3622-BE34-4CC2-9FA0-D94E7B391250}.Debug|Any CPU.Build.0 = Debug|Any CPU
		{812D3622-BE34-4CC2-9FA0-D94E7B391250}.Release|Any CPU.ActiveCfg = Release|Any CPU
		{812D3622-BE34-4CC2-9FA0-D94E7B391250}.Release|Any CPU.Build.0 = Release|Any CPU
		{C3542424-36E4-4175-8EEC-B36C6681D51E}.Debug|Any CPU.ActiveCfg = Debug|Any CPU
		{C3542424-36E4-4175-8EEC-B36C6681D51E}.Debug|Any CPU.Build.0 = Debug|Any CPU
		{C3542424-36E4-4175-8EEC-B36C6681D51E}.Release|Any CPU.ActiveCfg = Release|Any CPU
		{C3542424-36E4-4175-8EEC-B36C6681D51E}.Release|Any CPU.Build.0 = Release|Any CPU
		{5680AF38-4191-4F04-861C-B602E1E0702D}.Debug|Any CPU.ActiveCfg = Debug|Any CPU
		{5680AF38-4191-4F04-861C-B602E1E0702D}.Debug|Any CPU.Build.0 = Debug|Any CPU
		{5680AF38-4191-4F04-861C-B602E1E0702D}.Release|Any CPU.ActiveCfg = Release|Any CPU
		{5680AF38-4191-4F04-861C-B602E1E0702D}.Release|Any CPU.Build.0 = Release|Any CPU
		{AB166DC7-E67D-4176-A215-0653265D16C8}.Debug|Any CPU.ActiveCfg = Debug|Any CPU
		{AB166DC7-E67D-4176-A215-0653265D16C8}.Debug|Any CPU.Build.0 = Debug|Any CPU
		{AB166DC7-E67D-4176-A215-0653265D16C8}.Release|Any CPU.ActiveCfg = Release|Any CPU
		{AB166DC7-E67D-4176-A215-0653265D16C8}.Release|Any CPU.Build.0 = Release|Any CPU
	EndGlobalSection
	GlobalSection(NestedProjects) = preSolution
		{0EC75E56-ED14-4700-B031-75D379873685} = {E6CE1EC8-2A25-49E9-BD7E-01E0962E7126}
		{DDE88E2E-DE00-4C33-8FD6-715B3B3A79D0} = {0EC75E56-ED14-4700-B031-75D379873685}
		{202029A5-561D-43CA-9D1C-7E17566F0CE5} = {E6CE1EC8-2A25-49E9-BD7E-01E0962E7126}
		{812D3622-BE34-4CC2-9FA0-D94E7B391250} = {202029A5-561D-43CA-9D1C-7E17566F0CE5}
		{C3542424-36E4-4175-8EEC-B36C6681D51E} = {202029A5-561D-43CA-9D1C-7E17566F0CE5}
		{0E75D711-802D-4520-A1CD-91004D258B9E} = {E6CE1EC8-2A25-49E9-BD7E-01E0962E7126}
		{8354337D-FEB6-4801-8A78-404790A021AB} = {0E75D711-802D-4520-A1CD-91004D258B9E}
		{5680AF38-4191-4F04-861C-B602E1E0702D} = {8354337D-FEB6-4801-8A78-404790A021AB}
		{AB166DC7-E67D-4176-A215-0653265D16C8} = {8354337D-FEB6-4801-8A78-404790A021AB}
	EndGlobalSection
EndGlobal
